
Microsoft Visual Studio Solution File, Format Version 12.00
# Visual Studio Version 16
VisualStudioVersion = 16.0.29806.167
MinimumVisualStudioVersion = 10.0.40219.1
Project("{FAE04EC0-301F-11D3-BF4B-00C04F79EFBC}") = "GoodsStore.Domain", "GoodsStore.Domain\GoodsStore.Domain.csproj", "{BFA5C016-0C94-4ABC-9211-4814A7C28BF5}"
EndProject
Project("{FAE04EC0-301F-11D3-BF4B-00C04F79EFBC}") = "GoodsStore.Business", "GoodsStore.Business\GoodsStore.Business.csproj", "{AA7ABCA3-D657-49B0-98D6-E66BB2DB2671}"
EndProject
Project("{9A19103F-16F7-4668-BE54-9A1E7A4F7556}") = "GoodsStore.Business.Models", "GoodsStore.Business.Models\GoodsStore.Business.Models.csproj", "{E6D8C253-90CC-4489-B553-31084B210449}"
EndProject
Project("{FAE04EC0-301F-11D3-BF4B-00C04F79EFBC}") = "GoodsStore.WebServer", "GoodsStore.WebServer\GoodsStore.WebServer.csproj", "{97D555A0-EBCE-42CB-B197-42EEB5C6C801}"
EndProject
Project("{FAE04EC0-301F-11D3-BF4B-00C04F79EFBC}") = "GoodsStore.Infrastructure", "GoodsStore.Infrastructure\GoodsStore.Infrastructure.csproj", "{EC0CF2F1-2C00-49D3-A78F-02A549E88921}"
EndProject
Project("{9A19103F-16F7-4668-BE54-9A1E7A4F7556}") = "GoodsStore.Client", "GoodsStore.Client\GoodsStore.Client.csproj", "{996E5DD6-2AF3-4934-A93A-5A058A03A851}"
EndProject
Project("{FAE04EC0-301F-11D3-BF4B-00C04F79EFBC}") = "GoodsStore.Client.ViewModels", "GoodsStore.Client.ViewModels\GoodsStore.Client.ViewModels.csproj", "{24E6DCF2-0700-4A59-B3CA-5823EA43E5EC}"
EndProject
Global
	GlobalSection(SolutionConfigurationPlatforms) = preSolution
		Debug|Any CPU = Debug|Any CPU
		Release|Any CPU = Release|Any CPU
	EndGlobalSection
	GlobalSection(ProjectConfigurationPlatforms) = postSolution
		{BFA5C016-0C94-4ABC-9211-4814A7C28BF5}.Debug|Any CPU.ActiveCfg = Debug|Any CPU
		{BFA5C016-0C94-4ABC-9211-4814A7C28BF5}.Debug|Any CPU.Build.0 = Debug|Any CPU
		{BFA5C016-0C94-4ABC-9211-4814A7C28BF5}.Release|Any CPU.ActiveCfg = Release|Any CPU
		{BFA5C016-0C94-4ABC-9211-4814A7C28BF5}.Release|Any CPU.Build.0 = Release|Any CPU
		{AA7ABCA3-D657-49B0-98D6-E66BB2DB2671}.Debug|Any CPU.ActiveCfg = Debug|Any CPU
		{AA7ABCA3-D657-49B0-98D6-E66BB2DB2671}.Debug|Any CPU.Build.0 = Debug|Any CPU
		{AA7ABCA3-D657-49B0-98D6-E66BB2DB2671}.Release|Any CPU.ActiveCfg = Release|Any CPU
		{AA7ABCA3-D657-49B0-98D6-E66BB2DB2671}.Release|Any CPU.Build.0 = Release|Any CPU
		{E6D8C253-90CC-4489-B553-31084B210449}.Debug|Any CPU.ActiveCfg = Debug|Any CPU
		{E6D8C253-90CC-4489-B553-31084B210449}.Debug|Any CPU.Build.0 = Debug|Any CPU
		{E6D8C253-90CC-4489-B553-31084B210449}.Release|Any CPU.ActiveCfg = Release|Any CPU
		{E6D8C253-90CC-4489-B553-31084B210449}.Release|Any CPU.Build.0 = Release|Any CPU
		{97D555A0-EBCE-42CB-B197-42EEB5C6C801}.Debug|Any CPU.ActiveCfg = Debug|Any CPU
		{97D555A0-EBCE-42CB-B197-42EEB5C6C801}.Debug|Any CPU.Build.0 = Debug|Any CPU
		{97D555A0-EBCE-42CB-B197-42EEB5C6C801}.Release|Any CPU.ActiveCfg = Release|Any CPU
		{97D555A0-EBCE-42CB-B197-42EEB5C6C801}.Release|Any CPU.Build.0 = Release|Any CPU
		{EC0CF2F1-2C00-49D3-A78F-02A549E88921}.Debug|Any CPU.ActiveCfg = Debug|Any CPU
		{EC0CF2F1-2C00-49D3-A78F-02A549E88921}.Debug|Any CPU.Build.0 = Debug|Any CPU
		{EC0CF2F1-2C00-49D3-A78F-02A549E88921}.Release|Any CPU.ActiveCfg = Release|Any CPU
		{EC0CF2F1-2C00-49D3-A78F-02A549E88921}.Release|Any CPU.Build.0 = Release|Any CPU
		{996E5DD6-2AF3-4934-A93A-5A058A03A851}.Debug|Any CPU.ActiveCfg = Debug|Any CPU
		{996E5DD6-2AF3-4934-A93A-5A058A03A851}.Debug|Any CPU.Build.0 = Debug|Any CPU
		{996E5DD6-2AF3-4934-A93A-5A058A03A851}.Release|Any CPU.ActiveCfg = Release|Any CPU
		{996E5DD6-2AF3-4934-A93A-5A058A03A851}.Release|Any CPU.Build.0 = Release|Any CPU
		{24E6DCF2-0700-4A59-B3CA-5823EA43E5EC}.Debug|Any CPU.ActiveCfg = Debug|Any CPU
		{24E6DCF2-0700-4A59-B3CA-5823EA43E5EC}.Debug|Any CPU.Build.0 = Debug|Any CPU
		{24E6DCF2-0700-4A59-B3CA-5823EA43E5EC}.Release|Any CPU.ActiveCfg = Release|Any CPU
		{24E6DCF2-0700-4A59-B3CA-5823EA43E5EC}.Release|Any CPU.Build.0 = Release|Any CPU
	EndGlobalSection
	GlobalSection(SolutionProperties) = preSolution
		HideSolutionNode = FALSE
	EndGlobalSection
	GlobalSection(ExtensibilityGlobals) = postSolution
		SolutionGuid = {78EC9D55-E5AC-422C-87C0-E7D3AA8B5CD3}
	EndGlobalSection
EndGlobal
